<?xml version="1.0" encoding="utf-8"?>
<Project ToolsVersion="4.0" xmlns="http://schemas.microsoft.com/developer/msbuild/2003">
  <ItemGroup>
    <ClCompile Include="Debug.cpp" />
    <ClCompile Include="Time.cpp" />
    <ClCompile Include="Random.cpp" />
    <ClCompile Include="Engine.cpp" />
    <ClCompile Include="_Main.cpp" />
    <ClCompile Include="Entity.cpp" />
  </ItemGroup>
  <ItemGroup>
    <ClInclude Include="Headers\Debug.h" />
    <ClInclude Include="Headers\Time.h" />
    <ClInclude Include="Headers\Random.h" />
    <ClInclude Include="Headers\Engine.h" />
    <ClInclude Include="Headers\Entity.h" />
    <ClInclude Include="Includes\Debug.h" />
    <ClInclude Include="Includes\Engine.h" />
    <ClInclude Include="Includes\Entity.h" />
    <ClInclude Include="Includes\Random.h" />
    <ClInclude Include="Includes\Time.h" />
    <ClInclude Include="Export.h" />
  </ItemGroup>
</Project>